// !$*UTF8*$!
{
	archiveVersion = 1;
	classes = {
	};
	objectVersion = 77;
	objects = {

/* Begin PBXContainerItemProxy section */
		5E1429062EC55EAB0067A2EE /* PBXContainerItemProxy */ = {
			isa = PBXContainerItemProxy;
			containerPortal = 5E1428F02EC55EAA0067A2EE /* Project object */;
			proxyType = 1;
			remoteGlobalIDString = 5E1428F72EC55EAA0067A2EE;
			remoteInfo = "Risk AI-nalysis";
		};
		5E1429102EC55EAB0067A2EE /* PBXContainerItemProxy */ = {
			isa = PBXContainerItemProxy;
			containerPortal = 5E1428F02EC55EAA0067A2EE /* Project object */;
			proxyType = 1;
			remoteGlobalIDString = 5E1428F72EC55EAA0067A2EE;
			remoteInfo = "Risk AI-nalysis";
		};
/* End PBXContainerItemProxy section */

/* Begin PBXFileReference section */
		5E1428F82EC55EAA0067A2EE /* Risk AI-nalysis.app */ = {isa = PBXFileReference; explicitFileType = wrapper.application; includeInIndex = 0; path = "Risk AI-nalysis.app"; sourceTree = BUILT_PRODUCTS_DIR; };
		5E1429052EC55EAB0067A2EE /* Risk AI-nalysisTests.xctest */ = {isa = PBXFileReference; explicitFileType = wrapper.cfbundle; includeInIndex = 0; path = "Risk AI-nalysisTests.xctest"; sourceTree = BUILT_PRODUCTS_DIR; };
		5E14290F2EC55EAB0067A2EE /* Risk AI-nalysisUITests.xctest */ = {isa = PBXFileReference; explicitFileType = wrapper.cfbundle; includeInIndex = 0; path = "Risk AI-nalysisUITests.xctest"; sourceTree = BUILT_PRODUCTS_DIR; };
/* End PBXFileReference section */

/* Begin PBXFileSystemSynchronizedRootGroup section */
		5E1428FA2EC55EAA0067A2EE /* Risk AI-nalysis */ = {
			isa = PBXFileSystemSynchronizedRootGroup;
			path = "Risk AI-nalysis";
			sourceTree = "<group>";
		};
		5E1429082EC55EAB0067A2EE /* Risk AI-nalysisTests */ = {
			isa = PBXFileSystemSynchronizedRootGroup;
			path = "Risk AI-nalysisTests";
			sourceTree = "<group>";
		};
		5E1429122EC55EAB0067A2EE /* Risk AI-nalysisUITests */ = {
			isa = PBXFileSystemSynchronizedRootGroup;
			path = "Risk AI-nalysisUITests";
			sourceTree = "<group>";
		};
/* End PBXFileSystemSynchronizedRootGroup section */

/* Begin PBXFrameworksBuildPhase section */
		5E1428F52EC55EAA0067A2EE /* Frameworks */ = {
			isa = PBXFrameworksBuildPhase;
			buildActionMask = 2147483647;
			files = (
			);
			runOnlyForDeploymentPostprocessing = 0;
		};
		5E1429022EC55EAB0067A2EE /* Frameworks */ = {
			isa = PBXFrameworksBuildPhase;
			buildActionMask = 2147483647;
			files = (
			);
			runOnlyForDeploymentPostprocessing = 0;
		};
		5E14290C2EC55EAB0067A2EE /* Frameworks */ = {
			isa = PBXFrameworksBuildPhase;
			buildActionMask = 2147483647;
			files = (
			);
			runOnlyForDeploymentPostprocessing = 0;
		};
/* End PBXFrameworksBuildPhase section */

/* Begin PBXGroup section */
		5E1428EF2EC55EAA0067A2EE = {
			isa = PBXGroup;
			children = (
				5E1428FA2EC55EAA0067A2EE /* Risk AI-nalysis */,
				5E1429082EC55EAB0067A2EE /* Risk AI-nalysisTests */,
				5E1429122EC55EAB0067A2EE /* Risk AI-nalysisUITests */,
				5E1428F92EC55EAA0067A2EE /* Products */,
			);
			sourceTree = "<group>";
		};
		5E1428F92EC55EAA0067A2EE /* Products */ = {
			isa = PBXGroup;
			children = (
				5E1428F82EC55EAA0067A2EE /* Risk AI-nalysis.app */,
				5E1429052EC55EAB0067A2EE /* Risk AI-nalysisTests.xctest */,
				5E14290F2EC55EAB0067A2EE /* Risk AI-nalysisUITests.xctest */,
			);
			name = Products;
			sourceTree = "<group>";
		};
/* End PBXGroup section */

/* Begin PBXNativeTarget section */
		5E1428F72EC55EAA0067A2EE /* Risk AI-nalysis */ = {
			isa = PBXNativeTarget;
			buildConfigurationList = 5E1429192EC55EAB0067A2EE /* Build configuration list for PBXNativeTarget "Risk AI-nalysis" */;
			buildPhases = (
				5E1428F42EC55EAA0067A2EE /* Sources */,
				5E1428F52EC55EAA0067A2EE /* Frameworks */,
				5E1428F62EC55EAA0067A2EE /* Resources */,
			);
			buildRules = (
			);
			dependencies = (
			);
			fileSystemSynchronizedGroups = (
				5E1428FA2EC55EAA0067A2EE /* Risk AI-nalysis */,
			);
			name = "Risk AI-nalysis";
			packageProductDependencies = (
			);
			productName = "Risk AI-nalysis";
			productReference = 5E1428F82EC55EAA0067A2EE /* Risk AI-nalysis.app */;
			productType = "com.apple.product-type.application";
		};
		5E1429042EC55EAB0067A2EE /* Risk AI-nalysisTests */ = {
			isa = PBXNativeTarget;
			buildConfigurationList = 5E14291C2EC55EAB0067A2EE /* Build configuration list for PBXNativeTarget "Risk AI-nalysisTests" */;
			buildPhases = (
				5E1429012EC55EAB0067A2EE /* Sources */,
				5E1429022EC55EAB0067A2EE /* Frameworks */,
				5E1429032EC55EAB0067A2EE /* Resources */,
			);
			buildRules = (
			);
			dependencies = (
				5E1429072EC55EAB0067A2EE /* PBXTargetDependency */,
			);
			fileSystemSynchronizedGroups = (
				5E1429082EC55EAB0067A2EE /* Risk AI-nalysisTests */,
			);
			name = "Risk AI-nalysisTests";
			packageProductDependencies = (
			);
			productName = "Risk AI-nalysisTests";
			productReference = 5E1429052EC55EAB0067A2EE /* Risk AI-nalysisTests.xctest */;
			productType = "com.apple.product-type.bundle.unit-test";
		};
		5E14290E2EC55EAB0067A2EE /* Risk AI-nalysisUITests */ = {
			isa = PBXNativeTarget;
			buildConfigurationList = 5E14291F2EC55EAB0067A2EE /* Build configuration list for PBXNativeTarget "Risk AI-nalysisUITests" */;
			buildPhases = (
				5E14290B2EC55EAB0067A2EE /* Sources */,
				5E14290C2EC55EAB0067A2EE /* Frameworks */,
				5E14290D2EC55EAB0067A2EE /* Resources */,
			);
			buildRules = (
			);
			dependencies = (
				5E1429112EC55EAB0067A2EE /* PBXTargetDependency */,
			);
			fileSystemSynchronizedGroups = (
				5E1429122EC55EAB0067A2EE /* Risk AI-nalysisUITests */,
			);
			name = "Risk AI-nalysisUITests";
			packageProductDependencies = (
			);
			productName = "Risk AI-nalysisUITests";
			productReference = 5E14290F2EC55EAB0067A2EE /* Risk AI-nalysisUITests.xctest */;
			productType = "com.apple.product-type.bundle.ui-testing";
		};
/* End PBXNativeTarget section */

/* Begin PBXProject section */
		5E1428F02EC55EAA0067A2EE /* Project object */ = {
			isa = PBXProject;
			attributes = {
				BuildIndependentTargetsInParallel = 1;
				LastSwiftUpdateCheck = 2600;
				LastUpgradeCheck = 2600;
				TargetAttributes = {
					5E1428F72EC55EAA0067A2EE = {
						CreatedOnToolsVersion = 26.0.1;
					};
					5E1429042EC55EAB0067A2EE = {
						CreatedOnToolsVersion = 26.0.1;
						TestTargetID = 5E1428F72EC55EAA0067A2EE;
					};
					5E14290E2EC55EAB0067A2EE = {
						CreatedOnToolsVersion = 26.0.1;
						TestTargetID = 5E1428F72EC55EAA0067A2EE;
					};
				};
			};
			buildConfigurationList = 5E1428F32EC55EAA0067A2EE /* Build configuration list for PBXProject "Risk AI-nalysis" */;
			developmentRegion = en;
			hasScannedForEncodings = 0;
			knownRegions = (
				en,
				Base,
			);
			mainGroup = 5E1428EF2EC55EAA0067A2EE;
			minimizedProjectReferenceProxies = 1;
			preferredProjectObjectVersion = 77;
			productRefGroup = 5E1428F92EC55EAA0067A2EE /* Products */;
			projectDirPath = "";
			projectRoot = "";
			targets = (
				5E1428F72EC55EAA0067A2EE /* Risk AI-nalysis */,
				5E1429042EC55EAB0067A2EE /* Risk AI-nalysisTests */,
				5E14290E2EC55EAB0067A2EE /* Risk AI-nalysisUITests */,
			);
		};
/* End PBXProject section */

/* Begin PBXResourcesBuildPhase section */
		5E1428F62EC55EAA0067A2EE /* Resources */ = {
			isa = PBXResourcesBuildPhase;
			buildActionMask = 2147483647;
			files = (
			);
			runOnlyForDeploymentPostprocessing = 0;
		};
		5E1429032EC55EAB0067A2EE /* Resources */ = {
			isa = PBXResourcesBuildPhase;
			buildActionMask = 2147483647;
			files = (
			);
			runOnlyForDeploymentPostprocessing = 0;
		};
		5E14290D2EC55EAB0067A2EE /* Resources */ = {
			isa = PBXResourcesBuildPhase;
			buildActionMask = 2147483647;
			files = (
			);
			runOnlyForDeploymentPostprocessing = 0;
		};
/* End PBXResourcesBuildPhase section */

/* Begin PBXSourcesBuildPhase section */
		5E1428F42EC55EAA0067A2EE /* Sources */ = {
			isa = PBXSourcesBuildPhase;
			buildActionMask = 2147483647;
			files = (
			);
			runOnlyForDeploymentPostprocessing = 0;
		};
		5E1429012EC55EAB0067A2EE /* Sources */ = {
			isa = PBXSourcesBuildPhase;
			buildActionMask = 2147483647;
			files = (
			);
			runOnlyForDeploymentPostprocessing = 0;
		};
		5E14290B2EC55EAB0067A2EE /* Sources */ = {
			isa = PBXSourcesBuildPhase;
			buildActionMask = 2147483647;
			files = (
			);
			runOnlyForDeploymentPostprocessing = 0;
		};
/* End PBXSourcesBuildPhase section */

/* Begin PBXTargetDependency section */
		5E1429072EC55EAB0067A2EE /* PBXTargetDependency */ = {
			isa = PBXTargetDependency;
			target = 5E1428F72EC55EAA0067A2EE /* Risk AI-nalysis */;
			targetProxy = 5E1429062EC55EAB0067A2EE /* PBXContainerItemProxy */;
		};
		5E1429112EC55EAB0067A2EE /* PBXTargetDependency */ = {
			isa = PBXTargetDependency;
			target = 5E1428F72EC55EAA0067A2EE /* Risk AI-nalysis */;
			targetProxy = 5E1429102EC55EAB0067A2EE /* PBXContainerItemProxy */;
		};
/* End PBXTargetDependency section */

/* Begin XCBuildConfiguration section */
		5E1429172EC55EAB0067A2EE /* Debug */ = {
			isa = XCBuildConfiguration;
			buildSettings = {
				ALWAYS_SEARCH_USER_PATHS = NO;
				ASSETCATALOG_COMPILER_GENERATE_SWIFT_ASSET_SYMBOL_EXTENSIONS = YES;
				CLANG_ANALYZER_NONNULL = YES;
				CLANG_ANALYZER_NUMBER_OBJECT_CONVERSION = YES_AGGRESSIVE;
				CLANG_CXX_LANGUAGE_STANDARD = "gnu++20";
				CLANG_ENABLE_MODULES = YES;
				CLANG_ENABLE_OBJC_ARC = YES;
				CLANG_ENABLE_OBJC_WEAK = YES;
				CLANG_WARN_BLOCK_CAPTURE_AUTORELEASING = YES;
				CLANG_WARN_BOOL_CONVERSION = YES;
				CLANG_WARN_COMMA = YES;
				CLANG_WARN_CONSTANT_CONVERSION = YES;
				CLANG_WARN_DEPRECATED_OBJC_IMPLEMENTATIONS = YES;
				CLANG_WARN_DIRECT_OBJC_ISA_USAGE = YES_ERROR;
				CLANG_WARN_DOCUMENTATION_COMMENTS = YES;
				CLANG_WARN_EMPTY_BODY = YES;
				CLANG_WARN_ENUM_CONVERSION = YES;
				CLANG_WARN_INFINITE_RECURSION = YES;
				CLANG_WARN_INT_CONVERSION = YES;
				CLANG_WARN_NON_LITERAL_NULL_CONVERSION = YES;
				CLANG_WARN_OBJC_IMPLICIT_RETAIN_SELF = YES;
				CLANG_WARN_OBJC_LITERAL_CONVERSION = YES;
				CLANG_WARN_OBJC_ROOT_CLASS = YES_ERROR;
				CLANG_WARN_QUOTED_INCLUDE_IN_FRAMEWORK_HEADER = YES;
				CLANG_WARN_RANGE_LOOP_ANALYSIS = YES;
				CLANG_WARN_STRICT_PROTOTYPES = YES;
				CLANG_WARN_SUSPICIOUS_MOVE = YES;
				CLANG_WARN_UNGUARDED_AVAILABILITY = YES_AGGRESSIVE;
				CLANG_WARN_UNREACHABLE_CODE = YES;
				CLANG_WARN__DUPLICATE_METHOD_MATCH = YES;
				COPY_PHASE_STRIP = NO;
				DEBUG_INFORMATION_FORMAT = dwarf;
				DEVELOPMENT_TEAM = 54Y79S7K69;
				ENABLE_STRICT_OBJC_MSGSEND = YES;
				ENABLE_TESTABILITY = YES;
				ENABLE_USER_SCRIPT_SANDBOXING = YES;
				GCC_C_LANGUAGE_STANDARD = gnu17;
				GCC_DYNAMIC_NO_PIC = NO;
				GCC_NO_COMMON_BLOCKS = YES;
				GCC_OPTIMIZATION_LEVEL = 0;
				GCC_PREPROCESSOR_DEFINITIONS = (
					"DEBUG=1",
					"$(inherited)",
				);
				GCC_WARN_64_TO_32_BIT_CONVERSION = YES;
				GCC_WARN_ABOUT_RETURN_TYPE = YES_ERROR;
				GCC_WARN_UNDECLARED_SELECTOR = YES;
				GCC_WARN_UNINITIALIZED_AUTOS = YES_AGGRESSIVE;
				GCC_WARN_UNUSED_FUNCTION = YES;
				GCC_WARN_UNUSED_VARIABLE = YES;
				IPHONEOS_DEPLOYMENT_TARGET = 26.0;
				LOCALIZATION_PREFERS_STRING_CATALOGS = YES;
				MTL_ENABLE_DEBUG_INFO = INCLUDE_SOURCE;
				MTL_FAST_MATH = YES;
				ONLY_ACTIVE_ARCH = YES;
				SDKROOT = iphoneos;
				SWIFT_ACTIVE_COMPILATION_CONDITIONS = "DEBUG $(inherited)";
				SWIFT_OPTIMIZATION_LEVEL = "-Onone";
			};
			name = Debug;
		};
		5E1429182EC55EAB0067A2EE /* Release */ = {
			isa = XCBuildConfiguration;
			buildSettings = {
				ALWAYS_SEARCH_USER_PATHS = NO;
				ASSETCATALOG_COMPILER_GENERATE_SWIFT_ASSET_SYMBOL_EXTENSIONS = YES;
				CLANG_ANALYZER_NONNULL = YES;
				CLANG_ANALYZER_NUMBER_OBJECT_CONVERSION = YES_AGGRESSIVE;
				CLANG_CXX_LANGUAGE_STANDARD = "gnu++20";
				CLANG_ENABLE_MODULES = YES;
				CLANG_ENABLE_OBJC_ARC = YES;
				CLANG_ENABLE_OBJC_WEAK = YES;
				CLANG_WARN_BLOCK_CAPTURE_AUTORELEASING = YES;
				CLANG_WARN_BOOL_CONVERSION = YES;
				CLANG_WARN_COMMA = YES;
				CLANG_WARN_CONSTANT_CONVERSION = YES;
				CLANG_WARN_DEPRECATED_OBJC_IMPLEMENTATIONS = YES;
				CLANG_WARN_DIRECT_OBJC_ISA_USAGE = YES_ERROR;
				CLANG_WARN_DOCUMENTATION_COMMENTS = YES;
				CLANG_WARN_EMPTY_BODY = YES;
				CLANG_WARN_ENUM_CONVERSION = YES;
				CLANG_WARN_INFINITE_RECURSION = YES;
				CLANG_WARN_INT_CONVERSION = YES;
				CLANG_WARN_NON_LITERAL_NULL_CONVERSION = YES;
				CLANG_WARN_OBJC_IMPLICIT_RETAIN_SELF = YES;
				CLANG_WARN_OBJC_LITERAL_CONVERSION = YES;
				CLANG_WARN_OBJC_ROOT_CLASS = YES_ERROR;
				CLANG_WARN_QUOTED_INCLUDE_IN_FRAMEWORK_HEADER = YES;
				CLANG_WARN_RANGE_LOOP_ANALYSIS = YES;
				CLANG_WARN_STRICT_PROTOTYPES = YES;
				CLANG_WARN_SUSPICIOUS_MOVE = YES;
				CLANG_WARN_UNGUARDED_AVAILABILITY = YES_AGGRESSIVE;
				CLANG_WARN_UNREACHABLE_CODE = YES;
				CLANG_WARN__DUPLICATE_METHOD_MATCH = YES;
				COPY_PHASE_STRIP = NO;
				DEBUG_INFORMATION_FORMAT = "dwarf-with-dsym";
				DEVELOPMENT_TEAM = 54Y79S7K69;
				ENABLE_NS_ASSERTIONS = NO;
				ENABLE_STRICT_OBJC_MSGSEND = YES;
				ENABLE_USER_SCRIPT_SANDBOXING = YES;
				GCC_C_LANGUAGE_STANDARD = gnu17;
				GCC_NO_COMMON_BLOCKS = YES;
				GCC_WARN_64_TO_32_BIT_CONVERSION = YES;
				GCC_WARN_ABOUT_RETURN_TYPE = YES_ERROR;
				GCC_WARN_UNDECLARED_SELECTOR = YES;
				GCC_WARN_UNINITIALIZED_AUTOS = YES_AGGRESSIVE;
				GCC_WARN_UNUSED_FUNCTION = YES;
				GCC_WARN_UNUSED_VARIABLE = YES;
				IPHONEOS_DEPLOYMENT_TARGET = 26.0;
				LOCALIZATION_PREFERS_STRING_CATALOGS = YES;
				MTL_ENABLE_DEBUG_INFO = NO;
				MTL_FAST_MATH = YES;
				SDKROOT = iphoneos;
				SWIFT_COMPILATION_MODE = wholemodule;
				VALIDATE_PRODUCT = YES;
			};
			name = Release;
		};
		5E14291A2EC55EAB0067A2EE /* Debug */ = {
			isa = XCBuildConfiguration;
			buildSettings = {
				ASSETCATALOG_COMPILER_APPICON_NAME = AppIcon;
				ASSETCATALOG_COMPILER_GLOBAL_ACCENT_COLOR_NAME = AccentColor;
				CODE_SIGN_STYLE = Automatic;
				CURRENT_PROJECT_VERSION = 1;
				DEVELOPMENT_TEAM = 54Y79S7K69;
				ENABLE_PREVIEWS = YES;
				GENERATE_INFOPLIST_FILE = YES;
				INFOPLIST_KEY_UIApplicationSceneManifest_Generation = YES;
				INFOPLIST_KEY_UIApplicationSupportsIndirectInputEvents = YES;
				INFOPLIST_KEY_UILaunchScreen_Generation = YES;
				INFOPLIST_KEY_UISupportedInterfaceOrientations_iPad = "UIInterfaceOrientationPortrait UIInterfaceOrientationPortraitUpsideDown UIInterfaceOrientationLandscapeLeft UIInterfaceOrientationLandscapeRight";
				INFOPLIST_KEY_UISupportedInterfaceOrientations_iPhone = "UIInterfaceOrientationPortrait UIInterfaceOrientationLandscapeLeft UIInterfaceOrientationLandscapeRight";
				LD_RUNPATH_SEARCH_PATHS = (
					"$(inherited)",
					"@executable_path/Frameworks",
				);
				MARKETING_VERSION = 1.0;
				PRODUCT_BUNDLE_IDENTIFIER = "Risk-AI-nalysis.Risk-AI-nalysis";
				PRODUCT_NAME = "$(TARGET_NAME)";
				STRING_CATALOG_GENERATE_SYMBOLS = YES;
				SWIFT_APPROACHABLE_CONCURRENCY = YES;
				SWIFT_DEFAULT_ACTOR_ISOLATION = MainActor;
				SWIFT_EMIT_LOC_STRINGS = YES;
				SWIFT_UPCOMING_FEATURE_MEMBER_IMPORT_VISIBILITY = YES;
				SWIFT_VERSION = 5.0;
				TARGETED_DEVICE_FAMILY = "1,2";
			};
			name = Debug;
		};
		5E14291B2EC55EAB0067A2EE /* Release */ = {
			isa = XCBuildConfiguration;
			buildSettings = {
				ASSETCATALOG_COMPILER_APPICON_NAME = AppIcon;
				ASSETCATALOG_COMPILER_GLOBAL_ACCENT_COLOR_NAME = AccentColor;
				CODE_SIGN_STYLE = Automatic;
				CURRENT_PROJECT_VERSION = 1;
				DEVELOPMENT_TEAM = 54Y79S7K69;
				ENABLE_PREVIEWS = YES;
				GENERATE_INFOPLIST_FILE = YES;
				INFOPLIST_KEY_UIApplicationSceneManifest_Generation = YES;
				INFOPLIST_KEY_UIApplicationSupportsIndirectInputEvents = YES;
				INFOPLIST_KEY_UILaunchScreen_Generation = YES;
				INFOPLIST_KEY_UISupportedInterfaceOrientations_iPad = "UIInterfaceOrientationPortrait UIInterfaceOrientationPortraitUpsideDown UIInterfaceOrientationLandscapeLeft UIInterfaceOrientationLandscapeRight";
				INFOPLIST_KEY_UISupportedInterfaceOrientations_iPhone = "UIInterfaceOrientationPortrait UIInterfaceOrientationLandscapeLeft UIInterfaceOrientationLandscapeRight";
				LD_RUNPATH_SEARCH_PATHS = (
					"$(inherited)",
					"@executable_path/Frameworks",
				);
				MARKETING_VERSION = 1.0;
				PRODUCT_BUNDLE_IDENTIFIER = "Risk-AI-nalysis.Risk-AI-nalysis";
				PRODUCT_NAME = "$(TARGET_NAME)";
				STRING_CATALOG_GENERATE_SYMBOLS = YES;
				SWIFT_APPROACHABLE_CONCURRENCY = YES;
				SWIFT_DEFAULT_ACTOR_ISOLATION = MainActor;
				SWIFT_EMIT_LOC_STRINGS = YES;
				SWIFT_UPCOMING_FEATURE_MEMBER_IMPORT_VISIBILITY = YES;
				SWIFT_VERSION = 5.0;
				TARGETED_DEVICE_FAMILY = "1,2";
			};
			name = Release;
		};
		5E14291D2EC55EAB0067A2EE /* Debug */ = {
			isa = XCBuildConfiguration;
			buildSettings = {
				BUNDLE_LOADER = "$(TEST_HOST)";
				CODE_SIGN_STYLE = Automatic;
				CURRENT_PROJECT_VERSION = 1;
				DEVELOPMENT_TEAM = 54Y79S7K69;
				GENERATE_INFOPLIST_FILE = YES;
				IPHONEOS_DEPLOYMENT_TARGET = 26.0;
				MARKETING_VERSION = 1.0;
				PRODUCT_BUNDLE_IDENTIFIER = "Risk-AI-nalysis.Risk-AI-nalysisTests";
				PRODUCT_NAME = "$(TARGET_NAME)";
				STRING_CATALOG_GENERATE_SYMBOLS = NO;
				SWIFT_APPROACHABLE_CONCURRENCY = YES;
				SWIFT_EMIT_LOC_STRINGS = NO;
				SWIFT_UPCOMING_FEATURE_MEMBER_IMPORT_VISIBILITY = YES;
				SWIFT_VERSION = 5.0;
				TARGETED_DEVICE_FAMILY = "1,2";
				TEST_HOST = "$(BUILT_PRODUCTS_DIR)/Risk AI-nalysis.app/$(BUNDLE_EXECUTABLE_FOLDER_PATH)/Risk AI-nalysis";
			};
			name = Debug;
		};
		5E14291E2EC55EAB0067A2EE /* Release */ = {
			isa = XCBuildConfiguration;
			buildSettings = {
				BUNDLE_LOADER = "$(TEST_HOST)";
				CODE_SIGN_STYLE = Automatic;
				CURRENT_PROJECT_VERSION = 1;
				DEVELOPMENT_TEAM = 54Y79S7K69;
				GENERATE_INFOPLIST_FILE = YES;
				IPHONEOS_DEPLOYMENT_TARGET = 26.0;
				MARKETING_VERSION = 1.0;
				PRODUCT_BUNDLE_IDENTIFIER = "Risk-AI-nalysis.Risk-AI-nalysisTests";
				PRODUCT_NAME = "$(TARGET_NAME)";
				STRING_CATALOG_GENERATE_SYMBOLS = NO;
				SWIFT_APPROACHABLE_CONCURRENCY = YES;
				SWIFT_EMIT_LOC_STRINGS = NO;
				SWIFT_UPCOMING_FEATURE_MEMBER_IMPORT_VISIBILITY = YES;
				SWIFT_VERSION = 5.0;
				TARGETED_DEVICE_FAMILY = "1,2";
				TEST_HOST = "$(BUILT_PRODUCTS_DIR)/Risk AI-nalysis.app/$(BUNDLE_EXECUTABLE_FOLDER_PATH)/Risk AI-nalysis";
			};
			name = Release;
		};
		5E1429202EC55EAB0067A2EE /* Debug */ = {
			isa = XCBuildConfiguration;
			buildSettings = {
				CODE_SIGN_STYLE = Automatic;
				CURRENT_PROJECT_VERSION = 1;
				DEVELOPMENT_TEAM = 54Y79S7K69;
				GENERATE_INFOPLIST_FILE = YES;
				MARKETING_VERSION = 1.0;
				PRODUCT_BUNDLE_IDENTIFIER = "Risk-AI-nalysis.Risk-AI-nalysisUITests";
				PRODUCT_NAME = "$(TARGET_NAME)";
				STRING_CATALOG_GENERATE_SYMBOLS = NO;
				SWIFT_APPROACHABLE_CONCURRENCY = YES;
				SWIFT_EMIT_LOC_STRINGS = NO;
				SWIFT_UPCOMING_FEATURE_MEMBER_IMPORT_VISIBILITY = YES;
				SWIFT_VERSION = 5.0;
				TARGETED_DEVICE_FAMILY = "1,2";
				TEST_TARGET_NAME = "Risk AI-nalysis";
			};
			name = Debug;
		};
		5E1429212EC55EAB0067A2EE /* Release */ = {
			isa = XCBuildConfiguration;
			buildSettings = {
				CODE_SIGN_STYLE = Automatic;
				CURRENT_PROJECT_VERSION = 1;
				DEVELOPMENT_TEAM = 54Y79S7K69;
				GENERATE_INFOPLIST_FILE = YES;
				MARKETING_VERSION = 1.0;
				PRODUCT_BUNDLE_IDENTIFIER = "Risk-AI-nalysis.Risk-AI-nalysisUITests";
				PRODUCT_NAME = "$(TARGET_NAME)";
				STRING_CATALOG_GENERATE_SYMBOLS = NO;
				SWIFT_APPROACHABLE_CONCURRENCY = YES;
				SWIFT_EMIT_LOC_STRINGS = NO;
				SWIFT_UPCOMING_FEATURE_MEMBER_IMPORT_VISIBILITY = YES;
				SWIFT_VERSION = 5.0;
				TARGETED_DEVICE_FAMILY = "1,2";
				TEST_TARGET_NAME = "Risk AI-nalysis";
			};
			name = Release;
		};
/* End XCBuildConfiguration section */

/* Begin XCConfigurationList section */
		5E1428F32EC55EAA0067A2EE /* Build configuration list for PBXProject "Risk AI-nalysis" */ = {
			isa = XCConfigurationList;
			buildConfigurations = (
				5E1429172EC55EAB0067A2EE /* Debug */,
				5E1429182EC55EAB0067A2EE /* Release */,
			);
			defaultConfigurationIsVisible = 0;
			defaultConfigurationName = Release;
		};
		5E1429192EC55EAB0067A2EE /* Build configuration list for PBXNativeTarget "Risk AI-nalysis" */ = {
			isa = XCConfigurationList;
			buildConfigurations = (
				5E14291A2EC55EAB0067A2EE /* Debug */,
				5E14291B2EC55EAB0067A2EE /* Release */,
			);
			defaultConfigurationIsVisible = 0;
			defaultConfigurationName = Release;
		};
		5E14291C2EC55EAB0067A2EE /* Build configuration list for PBXNativeTarget "Risk AI-nalysisTests" */ = {
			isa = XCConfigurationList;
			buildConfigurations = (
				5E14291D2EC55EAB0067A2EE /* Debug */,
				5E14291E2EC55EAB0067A2EE /* Release */,
			);
			defaultConfigurationIsVisible = 0;
			defaultConfigurationName = Release;
		};
		5E14291F2EC55EAB0067A2EE /* Build configuration list for PBXNativeTarget "Risk AI-nalysisUITests" */ = {
			isa = XCConfigurationList;
			buildConfigurations = (
				5E1429202EC55EAB0067A2EE /* Debug */,
				5E1429212EC55EAB0067A2EE /* Release */,
			);
			defaultConfigurationIsVisible = 0;
			defaultConfigurationName = Release;
		};
/* End XCConfigurationList section */
	};
	rootObject = 5E1428F02EC55EAA0067A2EE /* Project object */;
}
